
Microsoft Visual Studio Solution File, Format Version 12.00
# Visual Studio Version 17
VisualStudioVersion = 17.0.31903.59
MinimumVisualStudioVersion = 10.0.40219.1
Project("{FAE04EC0-301F-11D3-BF4B-00C04F79EFBC}") = "KaWiBi.Core", "KaWiBi.Core\KaWiBi.Core.csproj", "{F66DF2B2-AB55-4AE7-83B1-1203A964126D}"
EndProject
Project("{FAE04EC0-301F-11D3-BF4B-00C04F79EFBC}") = "KaWiBi.Api", "KaWiBi.Api\KaWiBi.Api.csproj", "{A975EB17-2667-48FC-8EF6-866BF62EB369}"
EndProject
Global
	GlobalSection(SolutionConfigurationPlatforms) = preSolution
		Debug|Any CPU = Debug|Any CPU
		Release|Any CPU = Release|Any CPU
	EndGlobalSection
	GlobalSection(SolutionProperties) = preSolution
		HideSolutionNode = FALSE
	EndGlobalSection
	GlobalSection(ProjectConfigurationPlatforms) = postSolution
		{F66DF2B2-AB55-4AE7-83B1-1203A964126D}.Debug|Any CPU.ActiveCfg = Debug|Any CPU
		{F66DF2B2-AB55-4AE7-83B1-1203A964126D}.Debug|Any CPU.Build.0 = Debug|Any CPU
		{F66DF2B2-AB55-4AE7-83B1-1203A964126D}.Release|Any CPU.ActiveCfg = Release|Any CPU
		{F66DF2B2-AB55-4AE7-83B1-1203A964126D}.Release|Any CPU.Build.0 = Release|Any CPU
		{A975EB17-2667-48FC-8EF6-866BF62EB369}.Debug|Any CPU.ActiveCfg = Debug|Any CPU
		{A975EB17-2667-48FC-8EF6-866BF62EB369}.Debug|Any CPU.Build.0 = Debug|Any CPU
		{A975EB17-2667-48FC-8EF6-866BF62EB369}.Release|Any CPU.ActiveCfg = Release|Any CPU
		{A975EB17-2667-48FC-8EF6-866BF62EB369}.Release|Any CPU.Build.0 = Release|Any CPU
	EndGlobalSection
EndGlobal
